// !$*UTF8*$!
{
	archiveVersion = 1;
	classes = {
	};
	objectVersion = 46;
	objects = {

/* Begin PBXBuildFile section */
		B69EBFB81CD1A4850062219F /* AppDelegate.swift in Sources */ = {isa = PBXBuildFile; fileRef = B69EBFB71CD1A4850062219F /* AppDelegate.swift */; };
		B69EBFBD1CD1A4850062219F /* Main.storyboard in Resources */ = {isa = PBXBuildFile; fileRef = B69EBFBB1CD1A4850062219F /* Main.storyboard */; };
		B69EBFC01CD1A4850062219F /* MobilabDemo.xcdatamodeld in Sources */ = {isa = PBXBuildFile; fileRef = B69EBFBE1CD1A4850062219F /* MobilabDemo.xcdatamodeld */; };
		B69EBFC21CD1A4850062219F /* Assets.xcassets in Resources */ = {isa = PBXBuildFile; fileRef = B69EBFC11CD1A4850062219F /* Assets.xcassets */; };
		B69EBFC51CD1A4850062219F /* LaunchScreen.storyboard in Resources */ = {isa = PBXBuildFile; fileRef = B69EBFC31CD1A4850062219F /* LaunchScreen.storyboard */; };
		B69EBFE01CD23A210062219F /* IMGURImage.swift in Sources */ = {isa = PBXBuildFile; fileRef = B69EBFDF1CD23A210062219F /* IMGURImage.swift */; };
		B6AD0EC01CD253BF006392E6 /* CustomDataTypes.swift in Sources */ = {isa = PBXBuildFile; fileRef = B6AD0EBF1CD253BF006392E6 /* CustomDataTypes.swift */; };
		B6BD75151CD2E3D6003396C7 /* ContainerViewControllerTests.swift in Sources */ = {isa = PBXBuildFile; fileRef = B6BD75141CD2E3D6003396C7 /* ContainerViewControllerTests.swift */; };
		B6BD751B1CD2E721003396C7 /* IMGURApiService.swift in Sources */ = {isa = PBXBuildFile; fileRef = B6BD751A1CD2E721003396C7 /* IMGURApiService.swift */; };
		B6BD751D1CD2F38B003396C7 /* FilterViewControllerTests.swift in Sources */ = {isa = PBXBuildFile; fileRef = B6BD751C1CD2F38B003396C7 /* FilterViewControllerTests.swift */; };
		B6BD751E1CD2FF1A003396C7 /* IMGURFilter.swift in Sources */ = {isa = PBXBuildFile; fileRef = B6AD0EC31CD27C2E006392E6 /* IMGURFilter.swift */; };
		B6BD75241CD2FF79003396C7 /* ContainerViewController.swift in Sources */ = {isa = PBXBuildFile; fileRef = B6BD75201CD2FF79003396C7 /* ContainerViewController.swift */; };
		B6BD75251CD2FF79003396C7 /* FilterViewController.swift in Sources */ = {isa = PBXBuildFile; fileRef = B6BD75211CD2FF79003396C7 /* FilterViewController.swift */; };
		B6BD75261CD2FF79003396C7 /* GridViewController.swift in Sources */ = {isa = PBXBuildFile; fileRef = B6BD75221CD2FF79003396C7 /* GridViewController.swift */; };
		B6BD75271CD2FF79003396C7 /* ListViewController.swift in Sources */ = {isa = PBXBuildFile; fileRef = B6BD75231CD2FF79003396C7 /* ListViewController.swift */; };
		B6BD752B1CD3A75A003396C7 /* ImageFetcherTests.swift in Sources */ = {isa = PBXBuildFile; fileRef = B6BD752A1CD3A75A003396C7 /* ImageFetcherTests.swift */; };
		B6BD752D1CD3B564003396C7 /* ImageListDataProviderProtocol.swift in Sources */ = {isa = PBXBuildFile; fileRef = B6BD752C1CD3B564003396C7 /* ImageListDataProviderProtocol.swift */; };
		B6BD752F1CD3B5DF003396C7 /* ImageListDataProvider.swift in Sources */ = {isa = PBXBuildFile; fileRef = B6BD752E1CD3B5DF003396C7 /* ImageListDataProvider.swift */; };
		B6BD75311CD3C27B003396C7 /* ImageGridDataProviderProtocol.swift in Sources */ = {isa = PBXBuildFile; fileRef = B6BD75301CD3C27B003396C7 /* ImageGridDataProviderProtocol.swift */; };
		B6BD75331CD3C2B0003396C7 /* ImageGridDataProvider.swift in Sources */ = {isa = PBXBuildFile; fileRef = B6BD75321CD3C2B0003396C7 /* ImageGridDataProvider.swift */; };
		B6BD75361CD3D489003396C7 /* ImageListCell.swift in Sources */ = {isa = PBXBuildFile; fileRef = B6BD75351CD3D489003396C7 /* ImageListCell.swift */; };
		B6C66D0D1CD45FA3001503E1 /* AbstractDisplayController.swift in Sources */ = {isa = PBXBuildFile; fileRef = B6C66D0C1CD45FA3001503E1 /* AbstractDisplayController.swift */; };
		B6C66D0F1CD4FFD9001503E1 /* IMGURFilterTests.swift in Sources */ = {isa = PBXBuildFile; fileRef = B6C66D0E1CD4FFD9001503E1 /* IMGURFilterTests.swift */; };
		D45F8AD0A9B896C1DD518C15 /* Pods_MobilabDemo.framework in Frameworks */ = {isa = PBXBuildFile; fileRef = 24AEA9A936DAF3BE0A87C4DC /* Pods_MobilabDemo.framework */; };
/* End PBXBuildFile section */

/* Begin PBXContainerItemProxy section */
		B69EBFCC1CD1A4850062219F /* PBXContainerItemProxy */ = {
			isa = PBXContainerItemProxy;
			containerPortal = B69EBFAC1CD1A4840062219F /* Project object */;
			proxyType = 1;
			remoteGlobalIDString = B69EBFB31CD1A4850062219F;
			remoteInfo = MobilabDemo;
		};
/* End PBXContainerItemProxy section */

/* Begin PBXFileReference section */
		24AEA9A936DAF3BE0A87C4DC /* Pods_MobilabDemo.framework */ = {isa = PBXFileReference; explicitFileType = wrapper.framework; includeInIndex = 0; path = Pods_MobilabDemo.framework; sourceTree = BUILT_PRODUCTS_DIR; };
		63F803480F40C93F638DA13B /* Pods-MobilabDemo.release.xcconfig */ = {isa = PBXFileReference; includeInIndex = 1; lastKnownFileType = text.xcconfig; name = "Pods-MobilabDemo.release.xcconfig"; path = "Pods/Target Support Files/Pods-MobilabDemo/Pods-MobilabDemo.release.xcconfig"; sourceTree = "<group>"; };
		B69EBFB41CD1A4850062219F /* MobilabDemo.app */ = {isa = PBXFileReference; explicitFileType = wrapper.application; includeInIndex = 0; path = MobilabDemo.app; sourceTree = BUILT_PRODUCTS_DIR; };
		B69EBFB71CD1A4850062219F /* AppDelegate.swift */ = {isa = PBXFileReference; lastKnownFileType = sourcecode.swift; path = AppDelegate.swift; sourceTree = "<group>"; };
		B69EBFBC1CD1A4850062219F /* Base */ = {isa = PBXFileReference; lastKnownFileType = file.storyboard; name = Base; path = Base.lproj/Main.storyboard; sourceTree = "<group>"; };
		B69EBFBF1CD1A4850062219F /* MobilabDemo.xcdatamodel */ = {isa = PBXFileReference; lastKnownFileType = wrapper.xcdatamodel; path = MobilabDemo.xcdatamodel; sourceTree = "<group>"; };
		B69EBFC11CD1A4850062219F /* Assets.xcassets */ = {isa = PBXFileReference; lastKnownFileType = folder.assetcatalog; path = Assets.xcassets; sourceTree = "<group>"; };
		B69EBFC41CD1A4850062219F /* Base */ = {isa = PBXFileReference; lastKnownFileType = file.storyboard; name = Base; path = Base.lproj/LaunchScreen.storyboard; sourceTree = "<group>"; };
		B69EBFC61CD1A4850062219F /* Info.plist */ = {isa = PBXFileReference; lastKnownFileType = text.plist.xml; path = Info.plist; sourceTree = "<group>"; };
		B69EBFCB1CD1A4850062219F /* MobilabDemoTests.xctest */ = {isa = PBXFileReference; explicitFileType = wrapper.cfbundle; includeInIndex = 0; path = MobilabDemoTests.xctest; sourceTree = BUILT_PRODUCTS_DIR; };
		B69EBFD11CD1A4850062219F /* Info.plist */ = {isa = PBXFileReference; lastKnownFileType = text.plist.xml; path = Info.plist; sourceTree = "<group>"; };
		B69EBFDF1CD23A210062219F /* IMGURImage.swift */ = {isa = PBXFileReference; fileEncoding = 4; lastKnownFileType = sourcecode.swift; path = IMGURImage.swift; sourceTree = "<group>"; };
		B6AD0EBF1CD253BF006392E6 /* CustomDataTypes.swift */ = {isa = PBXFileReference; fileEncoding = 4; lastKnownFileType = sourcecode.swift; path = CustomDataTypes.swift; sourceTree = "<group>"; };
		B6AD0EC31CD27C2E006392E6 /* IMGURFilter.swift */ = {isa = PBXFileReference; fileEncoding = 4; lastKnownFileType = sourcecode.swift; path = IMGURFilter.swift; sourceTree = "<group>"; };
		B6BD75141CD2E3D6003396C7 /* ContainerViewControllerTests.swift */ = {isa = PBXFileReference; fileEncoding = 4; lastKnownFileType = sourcecode.swift; path = ContainerViewControllerTests.swift; sourceTree = "<group>"; };
		B6BD751A1CD2E721003396C7 /* IMGURApiService.swift */ = {isa = PBXFileReference; fileEncoding = 4; lastKnownFileType = sourcecode.swift; path = IMGURApiService.swift; sourceTree = "<group>"; };
		B6BD751C1CD2F38B003396C7 /* FilterViewControllerTests.swift */ = {isa = PBXFileReference; fileEncoding = 4; lastKnownFileType = sourcecode.swift; path = FilterViewControllerTests.swift; sourceTree = "<group>"; };
		B6BD75201CD2FF79003396C7 /* ContainerViewController.swift */ = {isa = PBXFileReference; fileEncoding = 4; lastKnownFileType = sourcecode.swift; path = ContainerViewController.swift; sourceTree = "<group>"; };
		B6BD75211CD2FF79003396C7 /* FilterViewController.swift */ = {isa = PBXFileReference; fileEncoding = 4; lastKnownFileType = sourcecode.swift; path = FilterViewController.swift; sourceTree = "<group>"; };
		B6BD75221CD2FF79003396C7 /* GridViewController.swift */ = {isa = PBXFileReference; fileEncoding = 4; lastKnownFileType = sourcecode.swift; path = GridViewController.swift; sourceTree = "<group>"; };
		B6BD75231CD2FF79003396C7 /* ListViewController.swift */ = {isa = PBXFileReference; fileEncoding = 4; lastKnownFileType = sourcecode.swift; path = ListViewController.swift; sourceTree = "<group>"; };
		B6BD752A1CD3A75A003396C7 /* ImageFetcherTests.swift */ = {isa = PBXFileReference; fileEncoding = 4; lastKnownFileType = sourcecode.swift; path = ImageFetcherTests.swift; sourceTree = "<group>"; };
		B6BD752C1CD3B564003396C7 /* ImageListDataProviderProtocol.swift */ = {isa = PBXFileReference; fileEncoding = 4; lastKnownFileType = sourcecode.swift; path = ImageListDataProviderProtocol.swift; sourceTree = "<group>"; };
		B6BD752E1CD3B5DF003396C7 /* ImageListDataProvider.swift */ = {isa = PBXFileReference; fileEncoding = 4; lastKnownFileType = sourcecode.swift; path = ImageListDataProvider.swift; sourceTree = "<group>"; };
		B6BD75301CD3C27B003396C7 /* ImageGridDataProviderProtocol.swift */ = {isa = PBXFileReference; fileEncoding = 4; lastKnownFileType = sourcecode.swift; path = ImageGridDataProviderProtocol.swift; sourceTree = "<group>"; };
		B6BD75321CD3C2B0003396C7 /* ImageGridDataProvider.swift */ = {isa = PBXFileReference; fileEncoding = 4; lastKnownFileType = sourcecode.swift; path = ImageGridDataProvider.swift; sourceTree = "<group>"; };
		B6BD75351CD3D489003396C7 /* ImageListCell.swift */ = {isa = PBXFileReference; fileEncoding = 4; lastKnownFileType = sourcecode.swift; path = ImageListCell.swift; sourceTree = "<group>"; };
		B6C66D0C1CD45FA3001503E1 /* AbstractDisplayController.swift */ = {isa = PBXFileReference; fileEncoding = 4; lastKnownFileType = sourcecode.swift; path = AbstractDisplayController.swift; sourceTree = "<group>"; };
		B6C66D0E1CD4FFD9001503E1 /* IMGURFilterTests.swift */ = {isa = PBXFileReference; fileEncoding = 4; lastKnownFileType = sourcecode.swift; path = IMGURFilterTests.swift; sourceTree = "<group>"; };
		EE6055BBF9DA189BFC458B57 /* Pods-MobilabDemo.debug.xcconfig */ = {isa = PBXFileReference; includeInIndex = 1; lastKnownFileType = text.xcconfig; name = "Pods-MobilabDemo.debug.xcconfig"; path = "Pods/Target Support Files/Pods-MobilabDemo/Pods-MobilabDemo.debug.xcconfig"; sourceTree = "<group>"; };
/* End PBXFileReference section */

/* Begin PBXFrameworksBuildPhase section */
		B69EBFB11CD1A4850062219F /* Frameworks */ = {
			isa = PBXFrameworksBuildPhase;
			buildActionMask = 2147483647;
			files = (
				D45F8AD0A9B896C1DD518C15 /* Pods_MobilabDemo.framework in Frameworks */,
			);
			runOnlyForDeploymentPostprocessing = 0;
		};
		B69EBFC81CD1A4850062219F /* Frameworks */ = {
			isa = PBXFrameworksBuildPhase;
			buildActionMask = 2147483647;
			files = (
			);
			runOnlyForDeploymentPostprocessing = 0;
		};
/* End PBXFrameworksBuildPhase section */

/* Begin PBXGroup section */
		A31D152914AB1910738208CA /* Frameworks */ = {
			isa = PBXGroup;
			children = (
				24AEA9A936DAF3BE0A87C4DC /* Pods_MobilabDemo.framework */,
			);
			name = Frameworks;
			sourceTree = "<group>";
		};
		B69EBFAB1CD1A4840062219F = {
			isa = PBXGroup;
			children = (
				B69EBFB61CD1A4850062219F /* MobilabDemo */,
				B69EBFCE1CD1A4850062219F /* MobilabDemoTests */,
				B69EBFB51CD1A4850062219F /* Products */,
				E0C27F881564644F421CB1D4 /* Pods */,
				A31D152914AB1910738208CA /* Frameworks */,
			);
			sourceTree = "<group>";
		};
		B69EBFB51CD1A4850062219F /* Products */ = {
			isa = PBXGroup;
			children = (
				B69EBFB41CD1A4850062219F /* MobilabDemo.app */,
				B69EBFCB1CD1A4850062219F /* MobilabDemoTests.xctest */,
			);
			name = Products;
			sourceTree = "<group>";
		};
		B69EBFB61CD1A4850062219F /* MobilabDemo */ = {
			isa = PBXGroup;
			children = (
				B69EBFB71CD1A4850062219F /* AppDelegate.swift */,
				B6BD75351CD3D489003396C7 /* ImageListCell.swift */,
				B6BD751F1CD2FF79003396C7 /* Controllers */,
				B69EBFDE1CD23A0F0062219F /* Model */,
				B6AD0EBE1CD253BF006392E6 /* Globals */,
				B6BD751A1CD2E721003396C7 /* IMGURApiService.swift */,
				B6BD75341CD3C4A2003396C7 /* ImageListDataProvider */,
				B69EBFC11CD1A4850062219F /* Assets.xcassets */,
				B69EBFC31CD1A4850062219F /* LaunchScreen.storyboard */,
				B69EBFC61CD1A4850062219F /* Info.plist */,
				B69EBFBE1CD1A4850062219F /* MobilabDemo.xcdatamodeld */,
				B69EBFBB1CD1A4850062219F /* Main.storyboard */,
			);
			path = MobilabDemo;
			sourceTree = "<group>";
		};
		B69EBFCE1CD1A4850062219F /* MobilabDemoTests */ = {
			isa = PBXGroup;
			children = (
				B6BD75141CD2E3D6003396C7 /* ContainerViewControllerTests.swift */,
				B6BD751C1CD2F38B003396C7 /* FilterViewControllerTests.swift */,
				B6C66D0E1CD4FFD9001503E1 /* IMGURFilterTests.swift */,
				B6BD752A1CD3A75A003396C7 /* ImageFetcherTests.swift */,
				B69EBFD11CD1A4850062219F /* Info.plist */,
			);
			path = MobilabDemoTests;
			sourceTree = "<group>";
		};
		B69EBFDE1CD23A0F0062219F /* Model */ = {
			isa = PBXGroup;
			children = (
				B69EBFDF1CD23A210062219F /* IMGURImage.swift */,
				B6AD0EC31CD27C2E006392E6 /* IMGURFilter.swift */,
			);
			path = Model;
			sourceTree = "<group>";
		};
		B6AD0EBE1CD253BF006392E6 /* Globals */ = {
			isa = PBXGroup;
			children = (
				B6AD0EBF1CD253BF006392E6 /* CustomDataTypes.swift */,
			);
			path = Globals;
			sourceTree = "<group>";
		};
		B6BD751F1CD2FF79003396C7 /* Controllers */ = {
			isa = PBXGroup;
			children = (
				B6BD75201CD2FF79003396C7 /* ContainerViewController.swift */,
				B6C66D0C1CD45FA3001503E1 /* AbstractDisplayController.swift */,
				B6BD75221CD2FF79003396C7 /* GridViewController.swift */,
				B6BD75231CD2FF79003396C7 /* ListViewController.swift */,
				B6BD75211CD2FF79003396C7 /* FilterViewController.swift */,
			);
			path = Controllers;
			sourceTree = "<group>";
		};
		B6BD75341CD3C4A2003396C7 /* ImageListDataProvider */ = {
			isa = PBXGroup;
			children = (
				B6BD752C1CD3B564003396C7 /* ImageListDataProviderProtocol.swift */,
				B6BD752E1CD3B5DF003396C7 /* ImageListDataProvider.swift */,
				B6BD75301CD3C27B003396C7 /* ImageGridDataProviderProtocol.swift */,
				B6BD75321CD3C2B0003396C7 /* ImageGridDataProvider.swift */,
			);
			name = ImageListDataProvider;
			sourceTree = "<group>";
		};
		E0C27F881564644F421CB1D4 /* Pods */ = {
			isa = PBXGroup;
			children = (
				EE6055BBF9DA189BFC458B57 /* Pods-MobilabDemo.debug.xcconfig */,
				63F803480F40C93F638DA13B /* Pods-MobilabDemo.release.xcconfig */,
			);
			name = Pods;
			sourceTree = "<group>";
		};
/* End PBXGroup section */

/* Begin PBXNativeTarget section */
		B69EBFB31CD1A4850062219F /* MobilabDemo */ = {
			isa = PBXNativeTarget;
			buildConfigurationList = B69EBFD41CD1A4850062219F /* Build configuration list for PBXNativeTarget "MobilabDemo" */;
			buildPhases = (
				2574B88F053DB544DD3F9022 /* Check Pods Manifest.lock */,
				B69EBFB01CD1A4850062219F /* Sources */,
				B69EBFB11CD1A4850062219F /* Frameworks */,
				B69EBFB21CD1A4850062219F /* Resources */,
				9CBB04998D88E2BE11D54C39 /* Embed Pods Frameworks */,
				210A609E50DF053A2C9E37AD /* Copy Pods Resources */,
			);
			buildRules = (
			);
			dependencies = (
			);
			name = MobilabDemo;
			productName = MobilabDemo;
			productReference = B69EBFB41CD1A4850062219F /* MobilabDemo.app */;
			productType = "com.apple.product-type.application";
		};
		B69EBFCA1CD1A4850062219F /* MobilabDemoTests */ = {
			isa = PBXNativeTarget;
			buildConfigurationList = B69EBFD71CD1A4850062219F /* Build configuration list for PBXNativeTarget "MobilabDemoTests" */;
			buildPhases = (
				B69EBFC71CD1A4850062219F /* Sources */,
				B69EBFC81CD1A4850062219F /* Frameworks */,
				B69EBFC91CD1A4850062219F /* Resources */,
			);
			buildRules = (
			);
			dependencies = (
				B69EBFCD1CD1A4850062219F /* PBXTargetDependency */,
			);
			name = MobilabDemoTests;
			productName = MobilabDemoTests;
			productReference = B69EBFCB1CD1A4850062219F /* MobilabDemoTests.xctest */;
			productType = "com.apple.product-type.bundle.unit-test";
		};
/* End PBXNativeTarget section */

/* Begin PBXProject section */
		B69EBFAC1CD1A4840062219F /* Project object */ = {
			isa = PBXProject;
			attributes = {
				LastSwiftUpdateCheck = 0730;
				LastUpgradeCheck = 0730;
				ORGANIZATIONNAME = "Prajeet Shrestha";
				TargetAttributes = {
					B69EBFB31CD1A4850062219F = {
						CreatedOnToolsVersion = 7.3;
					};
					B69EBFCA1CD1A4850062219F = {
						CreatedOnToolsVersion = 7.3;
						TestTargetID = B69EBFB31CD1A4850062219F;
					};
				};
			};
			buildConfigurationList = B69EBFAF1CD1A4840062219F /* Build configuration list for PBXProject "MobilabDemo" */;
			compatibilityVersion = "Xcode 3.2";
			developmentRegion = English;
			hasScannedForEncodings = 0;
			knownRegions = (
				en,
				Base,
			);
			mainGroup = B69EBFAB1CD1A4840062219F;
			productRefGroup = B69EBFB51CD1A4850062219F /* Products */;
			projectDirPath = "";
			projectRoot = "";
			targets = (
				B69EBFB31CD1A4850062219F /* MobilabDemo */,
				B69EBFCA1CD1A4850062219F /* MobilabDemoTests */,
			);
		};
/* End PBXProject section */

/* Begin PBXResourcesBuildPhase section */
		B69EBFB21CD1A4850062219F /* Resources */ = {
			isa = PBXResourcesBuildPhase;
			buildActionMask = 2147483647;
			files = (
				B69EBFC51CD1A4850062219F /* LaunchScreen.storyboard in Resources */,
				B69EBFC21CD1A4850062219F /* Assets.xcassets in Resources */,
				B69EBFBD1CD1A4850062219F /* Main.storyboard in Resources */,
			);
			runOnlyForDeploymentPostprocessing = 0;
		};
		B69EBFC91CD1A4850062219F /* Resources */ = {
			isa = PBXResourcesBuildPhase;
			buildActionMask = 2147483647;
			files = (
			);
			runOnlyForDeploymentPostprocessing = 0;
		};
/* End PBXResourcesBuildPhase section */

/* Begin PBXShellScriptBuildPhase section */
		210A609E50DF053A2C9E37AD /* Copy Pods Resources */ = {
			isa = PBXShellScriptBuildPhase;
			buildActionMask = 2147483647;
			files = (
			);
			inputPaths = (
			);
			name = "Copy Pods Resources";
			outputPaths = (
			);
			runOnlyForDeploymentPostprocessing = 0;
			shellPath = /bin/sh;
			shellScript = "\"${SRCROOT}/Pods/Target Support Files/Pods-MobilabDemo/Pods-MobilabDemo-resources.sh\"\n";
			showEnvVarsInLog = 0;
		};
		2574B88F053DB544DD3F9022 /* Check Pods Manifest.lock */ = {
			isa = PBXShellScriptBuildPhase;
			buildActionMask = 2147483647;
			files = (
			);
			inputPaths = (
			);
			name = "Check Pods Manifest.lock";
			outputPaths = (
			);
			runOnlyForDeploymentPostprocessing = 0;
			shellPath = /bin/sh;
			shellScript = "diff \"${PODS_ROOT}/../Podfile.lock\" \"${PODS_ROOT}/Manifest.lock\" > /dev/null\nif [[ $? != 0 ]] ; then\n    cat << EOM\nerror: The sandbox is not in sync with the Podfile.lock. Run 'pod install' or update your CocoaPods installation.\nEOM\n    exit 1\nfi\n";
			showEnvVarsInLog = 0;
		};
		9CBB04998D88E2BE11D54C39 /* Embed Pods Frameworks */ = {
			isa = PBXShellScriptBuildPhase;
			buildActionMask = 2147483647;
			files = (
			);
			inputPaths = (
			);
			name = "Embed Pods Frameworks";
			outputPaths = (
			);
			runOnlyForDeploymentPostprocessing = 0;
			shellPath = /bin/sh;
			shellScript = "\"${SRCROOT}/Pods/Target Support Files/Pods-MobilabDemo/Pods-MobilabDemo-frameworks.sh\"\n";
			showEnvVarsInLog = 0;
		};
/* End PBXShellScriptBuildPhase section */

/* Begin PBXSourcesBuildPhase section */
		B69EBFB01CD1A4850062219F /* Sources */ = {
			isa = PBXSourcesBuildPhase;
			buildActionMask = 2147483647;
			files = (
				B69EBFC01CD1A4850062219F /* MobilabDemo.xcdatamodeld in Sources */,
				B6BD75361CD3D489003396C7 /* ImageListCell.swift in Sources */,
				B6AD0EC01CD253BF006392E6 /* CustomDataTypes.swift in Sources */,
				B6BD75241CD2FF79003396C7 /* ContainerViewController.swift in Sources */,
				B6BD75251CD2FF79003396C7 /* FilterViewController.swift in Sources */,
				B6BD752F1CD3B5DF003396C7 /* ImageListDataProvider.swift in Sources */,
				B6C66D0D1CD45FA3001503E1 /* AbstractDisplayController.swift in Sources */,
				B6BD751E1CD2FF1A003396C7 /* IMGURFilter.swift in Sources */,
				B6BD75271CD2FF79003396C7 /* ListViewController.swift in Sources */,
				B69EBFE01CD23A210062219F /* IMGURImage.swift in Sources */,
				B6BD75261CD2FF79003396C7 /* GridViewController.swift in Sources */,
				B6BD75331CD3C2B0003396C7 /* ImageGridDataProvider.swift in Sources */,
				B6BD75311CD3C27B003396C7 /* ImageGridDataProviderProtocol.swift in Sources */,
				B69EBFB81CD1A4850062219F /* AppDelegate.swift in Sources */,
				B6BD752D1CD3B564003396C7 /* ImageListDataProviderProtocol.swift in Sources */,
				B6BD751B1CD2E721003396C7 /* IMGURApiService.swift in Sources */,
			);
			runOnlyForDeploymentPostprocessing = 0;
		};
		B69EBFC71CD1A4850062219F /* Sources */ = {
			isa = PBXSourcesBuildPhase;
			buildActionMask = 2147483647;
			files = (
				B6BD752B1CD3A75A003396C7 /* ImageFetcherTests.swift in Sources */,
				B6BD751D1CD2F38B003396C7 /* FilterViewControllerTests.swift in Sources */,
				B6C66D0F1CD4FFD9001503E1 /* IMGURFilterTests.swift in Sources */,
				B6BD75151CD2E3D6003396C7 /* ContainerViewControllerTests.swift in Sources */,
			);
			runOnlyForDeploymentPostprocessing = 0;
		};
/* End PBXSourcesBuildPhase section */

/* Begin PBXTargetDependency section */
		B69EBFCD1CD1A4850062219F /* PBXTargetDependency */ = {
			isa = PBXTargetDependency;
			target = B69EBFB31CD1A4850062219F /* MobilabDemo */;
			targetProxy = B69EBFCC1CD1A4850062219F /* PBXContainerItemProxy */;
		};
/* End PBXTargetDependency section */

/* Begin PBXVariantGroup section */
		B69EBFBB1CD1A4850062219F /* Main.storyboard */ = {
			isa = PBXVariantGroup;
			children = (
				B69EBFBC1CD1A4850062219F /* Base */,
			);
			name = Main.storyboard;
			sourceTree = "<group>";
		};
		B69EBFC31CD1A4850062219F /* LaunchScreen.storyboard */ = {
			isa = PBXVariantGroup;
			children = (
				B69EBFC41CD1A4850062219F /* Base */,
			);
			name = LaunchScreen.storyboard;
			sourceTree = "<group>";
		};
/* End PBXVariantGroup section */

/* Begin XCBuildConfiguration section */
		B69EBFD21CD1A4850062219F /* Debug */ = {
			isa = XCBuildConfiguration;
			buildSettings = {
				ALWAYS_SEARCH_USER_PATHS = NO;
				CLANG_ANALYZER_NONNULL = YES;
				CLANG_CXX_LANGUAGE_STANDARD = "gnu++0x";
				CLANG_CXX_LIBRARY = "libc++";
				CLANG_ENABLE_MODULES = YES;
				CLANG_ENABLE_OBJC_ARC = YES;
				CLANG_WARN_BOOL_CONVERSION = YES;
				CLANG_WARN_CONSTANT_CONVERSION = YES;
				CLANG_WARN_DIRECT_OBJC_ISA_USAGE = YES_ERROR;
				CLANG_WARN_EMPTY_BODY = YES;
				CLANG_WARN_ENUM_CONVERSION = YES;
				CLANG_WARN_INT_CONVERSION = YES;
				CLANG_WARN_OBJC_ROOT_CLASS = YES_ERROR;
				CLANG_WARN_UNREACHABLE_CODE = YES;
				CLANG_WARN__DUPLICATE_METHOD_MATCH = YES;
				"CODE_SIGN_IDENTITY[sdk=iphoneos*]" = "iPhone Developer";
				COPY_PHASE_STRIP = NO;
				DEBUG_INFORMATION_FORMAT = dwarf;
				ENABLE_STRICT_OBJC_MSGSEND = YES;
				ENABLE_TESTABILITY = YES;
				GCC_C_LANGUAGE_STANDARD = gnu99;
				GCC_DYNAMIC_NO_PIC = NO;
				GCC_NO_COMMON_BLOCKS = YES;
				GCC_OPTIMIZATION_LEVEL = 0;
				GCC_PREPROCESSOR_DEFINITIONS = (
					"DEBUG=1",
					"$(inherited)",
				);
				GCC_WARN_64_TO_32_BIT_CONVERSION = YES;
				GCC_WARN_ABOUT_RETURN_TYPE = YES_ERROR;
				GCC_WARN_UNDECLARED_SELECTOR = YES;
				GCC_WARN_UNINITIALIZED_AUTOS = YES_AGGRESSIVE;
				GCC_WARN_UNUSED_FUNCTION = YES;
				GCC_WARN_UNUSED_VARIABLE = YES;
				IPHONEOS_DEPLOYMENT_TARGET = 9.3;
				MTL_ENABLE_DEBUG_INFO = YES;
				ONLY_ACTIVE_ARCH = YES;
				SDKROOT = iphoneos;
				SWIFT_OPTIMIZATION_LEVEL = "-Onone";
			};
			name = Debug;
		};
		B69EBFD31CD1A4850062219F /* Release */ = {
			isa = XCBuildConfiguration;
			buildSettings = {
				ALWAYS_SEARCH_USER_PATHS = NO;
				CLANG_ANALYZER_NONNULL = YES;
				CLANG_CXX_LANGUAGE_STANDARD = "gnu++0x";
				CLANG_CXX_LIBRARY = "libc++";
				CLANG_ENABLE_MODULES = YES;
				CLANG_ENABLE_OBJC_ARC = YES;
				CLANG_WARN_BOOL_CONVERSION = YES;
				CLANG_WARN_CONSTANT_CONVERSION = YES;
				CLANG_WARN_DIRECT_OBJC_ISA_USAGE = YES_ERROR;
				CLANG_WARN_EMPTY_BODY = YES;
				CLANG_WARN_ENUM_CONVERSION = YES;
				CLANG_WARN_INT_CONVERSION = YES;
				CLANG_WARN_OBJC_ROOT_CLASS = YES_ERROR;
				CLANG_WARN_UNREACHABLE_CODE = YES;
				CLANG_WARN__DUPLICATE_METHOD_MATCH = YES;
				"CODE_SIGN_IDENTITY[sdk=iphoneos*]" = "iPhone Developer";
				COPY_PHASE_STRIP = NO;
				DEBUG_INFORMATION_FORMAT = "dwarf-with-dsym";
				ENABLE_NS_ASSERTIONS = NO;
				ENABLE_STRICT_OBJC_MSGSEND = YES;
				GCC_C_LANGUAGE_STANDARD = gnu99;
				GCC_NO_COMMON_BLOCKS = YES;
				GCC_WARN_64_TO_32_BIT_CONVERSION = YES;
				GCC_WARN_ABOUT_RETURN_TYPE = YES_ERROR;
				GCC_WARN_UNDECLARED_SELECTOR = YES;
				GCC_WARN_UNINITIALIZED_AUTOS = YES_AGGRESSIVE;
				GCC_WARN_UNUSED_FUNCTION = YES;
				GCC_WARN_UNUSED_VARIABLE = YES;
				IPHONEOS_DEPLOYMENT_TARGET = 9.3;
				MTL_ENABLE_DEBUG_INFO = NO;
				SDKROOT = iphoneos;
				VALIDATE_PRODUCT = YES;
			};
			name = Release;
		};
		B69EBFD51CD1A4850062219F /* Debug */ = {
			isa = XCBuildConfiguration;
			baseConfigurationReference = EE6055BBF9DA189BFC458B57 /* Pods-MobilabDemo.debug.xcconfig */;
			buildSettings = {
				ASSETCATALOG_COMPILER_APPICON_NAME = AppIcon;
				INFOPLIST_FILE = MobilabDemo/Info.plist;
				LD_RUNPATH_SEARCH_PATHS = "$(inherited) @executable_path/Frameworks";
				PRODUCT_BUNDLE_IDENTIFIER = com.eeposit.www.MobilabDemo;
				PRODUCT_NAME = "$(TARGET_NAME)";
			};
			name = Debug;
		};
		B69EBFD61CD1A4850062219F /* Release */ = {
			isa = XCBuildConfiguration;
			baseConfigurationReference = 63F803480F40C93F638DA13B /* Pods-MobilabDemo.release.xcconfig */;
			buildSettings = {
				ASSETCATALOG_COMPILER_APPICON_NAME = AppIcon;
				INFOPLIST_FILE = MobilabDemo/Info.plist;
				LD_RUNPATH_SEARCH_PATHS = "$(inherited) @executable_path/Frameworks";
				PRODUCT_BUNDLE_IDENTIFIER = com.eeposit.www.MobilabDemo;
				PRODUCT_NAME = "$(TARGET_NAME)";
			};
			name = Release;
		};
		B69EBFD81CD1A4850062219F /* Debug */ = {
			isa = XCBuildConfiguration;
			buildSettings = {
				BUNDLE_LOADER = "$(TEST_HOST)";
				INFOPLIST_FILE = MobilabDemoTests/Info.plist;
				LD_RUNPATH_SEARCH_PATHS = "$(inherited) @executable_path/Frameworks @loader_path/Frameworks";
				PRODUCT_BUNDLE_IDENTIFIER = com.eeposit.www.MobilabDemoTests;
				PRODUCT_NAME = "$(TARGET_NAME)";
				TEST_HOST = "$(BUILT_PRODUCTS_DIR)/MobilabDemo.app/MobilabDemo";
			};
			name = Debug;
		};
		B69EBFD91CD1A4850062219F /* Release */ = {
			isa = XCBuildConfiguration;
			buildSettings = {
				BUNDLE_LOADER = "$(TEST_HOST)";
				INFOPLIST_FILE = MobilabDemoTests/Info.plist;
				LD_RUNPATH_SEARCH_PATHS = "$(inherited) @executable_path/Frameworks @loader_path/Frameworks";
				PRODUCT_BUNDLE_IDENTIFIER = com.eeposit.www.MobilabDemoTests;
				PRODUCT_NAME = "$(TARGET_NAME)";
				TEST_HOST = "$(BUILT_PRODUCTS_DIR)/MobilabDemo.app/MobilabDemo";
			};
			name = Release;
		};
/* End XCBuildConfiguration section */

/* Begin XCConfigurationList section */
		B69EBFAF1CD1A4840062219F /* Build configuration list for PBXProject "MobilabDemo" */ = {
			isa = XCConfigurationList;
			buildConfigurations = (
				B69EBFD21CD1A4850062219F /* Debug */,
				B69EBFD31CD1A4850062219F /* Release */,
			);
			defaultConfigurationIsVisible = 0;
			defaultConfigurationName = Release;
		};
		B69EBFD41CD1A4850062219F /* Build configuration list for PBXNativeTarget "MobilabDemo" */ = {
			isa = XCConfigurationList;
			buildConfigurations = (
				B69EBFD51CD1A4850062219F /* Debug */,
				B69EBFD61CD1A4850062219F /* Release */,
			);
			defaultConfigurationIsVisible = 0;
			defaultConfigurationName = Release;
		};
		B69EBFD71CD1A4850062219F /* Build configuration list for PBXNativeTarget "MobilabDemoTests" */ = {
			isa = XCConfigurationList;
			buildConfigurations = (
				B69EBFD81CD1A4850062219F /* Debug */,
				B69EBFD91CD1A4850062219F /* Release */,
			);
			defaultConfigurationIsVisible = 0;
			defaultConfigurationName = Release;
		};
/* End XCConfigurationList section */

/* Begin XCVersionGroup section */
		B69EBFBE1CD1A4850062219F /* MobilabDemo.xcdatamodeld */ = {
			isa = XCVersionGroup;
			children = (
				B69EBFBF1CD1A4850062219F /* MobilabDemo.xcdatamodel */,
			);
			currentVersion = B69EBFBF1CD1A4850062219F /* MobilabDemo.xcdatamodel */;
			path = MobilabDemo.xcdatamodeld;
			sourceTree = "<group>";
			versionGroupType = wrapper.xcdatamodel;
		};
/* End XCVersionGroup section */
	};
	rootObject = B69EBFAC1CD1A4840062219F /* Project object */;
}
